
Microsoft Visual Studio Solution File, Format Version 12.00
# Visual Studio Version 17
VisualStudioVersion = 17.1.32421.90
MinimumVisualStudioVersion = 10.0.40219.1
Project("{2150E333-8FDC-42A3-9474-1A3956D46DE8}") = "src", "src", "{5FEF91D4-3308-4B6D-AE5F-7EAC13229FE7}"
EndProject
Project("{2150E333-8FDC-42A3-9474-1A3956D46DE8}") = "Services", "Services", "{728F68BB-0E1A-4419-A9A5-9E02BD62FF2F}"
EndProject
Project("{9A19103F-16F7-4668-BE54-9A1E7A4F7556}") = "Movies.API", "src\Services\Movies.API\Movies.API.csproj", "{E156282F-0B70-4A07-ADA6-4F1AFD2D6B90}"
EndProject
Project("{2150E333-8FDC-42A3-9474-1A3956D46DE8}") = "IdentityServer", "IdentityServer", "{FBFEAD50-0643-4206-A155-7C31BD6CB55D}"
EndProject
Project("{9A19103F-16F7-4668-BE54-9A1E7A4F7556}") = "IdentityServer", "src\IdentityServer\IdentityServer\IdentityServer.csproj", "{CB28C7F0-EC7C-4BCE-9CB5-F110CA394FD8}"
EndProject
Project("{2150E333-8FDC-42A3-9474-1A3956D46DE8}") = "WebApps", "WebApps", "{86913873-FD4B-48D3-9CE5-F3C82769E16B}"
EndProject
Project("{9A19103F-16F7-4668-BE54-9A1E7A4F7556}") = "Movies.Client", "src\WebApps\Movies.Client\Movies.Client.csproj", "{97459CFC-A1E1-492F-A009-C6E4E4C0885B}"
EndProject
Project("{2150E333-8FDC-42A3-9474-1A3956D46DE8}") = "ApiGateways", "ApiGateways", "{0EF4019A-DA1E-4A42-8E09-2934A1C39CEF}"
EndProject
Project("{FAE04EC0-301F-11D3-BF4B-00C04F79EFBC}") = "OcelotGateway.API", "src\ApiGateways\OcelotGateway.API\OcelotGateway.API.csproj", "{623A8ECE-76A5-43BD-92B8-E74739684226}"
EndProject
Global
	GlobalSection(SolutionConfigurationPlatforms) = preSolution
		Debug|Any CPU = Debug|Any CPU
		Release|Any CPU = Release|Any CPU
	EndGlobalSection
	GlobalSection(ProjectConfigurationPlatforms) = postSolution
		{E156282F-0B70-4A07-ADA6-4F1AFD2D6B90}.Debug|Any CPU.ActiveCfg = Debug|Any CPU
		{E156282F-0B70-4A07-ADA6-4F1AFD2D6B90}.Debug|Any CPU.Build.0 = Debug|Any CPU
		{E156282F-0B70-4A07-ADA6-4F1AFD2D6B90}.Release|Any CPU.ActiveCfg = Release|Any CPU
		{E156282F-0B70-4A07-ADA6-4F1AFD2D6B90}.Release|Any CPU.Build.0 = Release|Any CPU
		{CB28C7F0-EC7C-4BCE-9CB5-F110CA394FD8}.Debug|Any CPU.ActiveCfg = Debug|Any CPU
		{CB28C7F0-EC7C-4BCE-9CB5-F110CA394FD8}.Debug|Any CPU.Build.0 = Debug|Any CPU
		{CB28C7F0-EC7C-4BCE-9CB5-F110CA394FD8}.Release|Any CPU.ActiveCfg = Release|Any CPU
		{CB28C7F0-EC7C-4BCE-9CB5-F110CA394FD8}.Release|Any CPU.Build.0 = Release|Any CPU
		{97459CFC-A1E1-492F-A009-C6E4E4C0885B}.Debug|Any CPU.ActiveCfg = Debug|Any CPU
		{97459CFC-A1E1-492F-A009-C6E4E4C0885B}.Debug|Any CPU.Build.0 = Debug|Any CPU
		{97459CFC-A1E1-492F-A009-C6E4E4C0885B}.Release|Any CPU.ActiveCfg = Release|Any CPU
		{97459CFC-A1E1-492F-A009-C6E4E4C0885B}.Release|Any CPU.Build.0 = Release|Any CPU
		{623A8ECE-76A5-43BD-92B8-E74739684226}.Debug|Any CPU.ActiveCfg = Debug|Any CPU
		{623A8ECE-76A5-43BD-92B8-E74739684226}.Debug|Any CPU.Build.0 = Debug|Any CPU
		{623A8ECE-76A5-43BD-92B8-E74739684226}.Release|Any CPU.ActiveCfg = Release|Any CPU
		{623A8ECE-76A5-43BD-92B8-E74739684226}.Release|Any CPU.Build.0 = Release|Any CPU
	EndGlobalSection
	GlobalSection(SolutionProperties) = preSolution
		HideSolutionNode = FALSE
	EndGlobalSection
	GlobalSection(NestedProjects) = preSolution
		{728F68BB-0E1A-4419-A9A5-9E02BD62FF2F} = {5FEF91D4-3308-4B6D-AE5F-7EAC13229FE7}
		{E156282F-0B70-4A07-ADA6-4F1AFD2D6B90} = {728F68BB-0E1A-4419-A9A5-9E02BD62FF2F}
		{FBFEAD50-0643-4206-A155-7C31BD6CB55D} = {5FEF91D4-3308-4B6D-AE5F-7EAC13229FE7}
		{CB28C7F0-EC7C-4BCE-9CB5-F110CA394FD8} = {FBFEAD50-0643-4206-A155-7C31BD6CB55D}
		{86913873-FD4B-48D3-9CE5-F3C82769E16B} = {5FEF91D4-3308-4B6D-AE5F-7EAC13229FE7}
		{97459CFC-A1E1-492F-A009-C6E4E4C0885B} = {86913873-FD4B-48D3-9CE5-F3C82769E16B}
		{0EF4019A-DA1E-4A42-8E09-2934A1C39CEF} = {5FEF91D4-3308-4B6D-AE5F-7EAC13229FE7}
		{623A8ECE-76A5-43BD-92B8-E74739684226} = {0EF4019A-DA1E-4A42-8E09-2934A1C39CEF}
	EndGlobalSection
	GlobalSection(ExtensibilityGlobals) = postSolution
		SolutionGuid = {3ED1F969-982A-4D1D-A6BE-EE2F25AF37E7}
	EndGlobalSection
EndGlobal
