
Microsoft Visual Studio Solution File, Format Version 12.00
# Visual Studio Version 17
VisualStudioVersion = 17.1.32421.90
MinimumVisualStudioVersion = 10.0.40219.1
Project("{2150E333-8FDC-42A3-9474-1A3956D46DE8}") = "src", "src", "{5FEF91D4-3308-4B6D-AE5F-7EAC13229FE7}"
EndProject
Project("{2150E333-8FDC-42A3-9474-1A3956D46DE8}") = "Services", "Services", "{728F68BB-0E1A-4419-A9A5-9E02BD62FF2F}"
EndProject
Project("{FAE04EC0-301F-11D3-BF4B-00C04F79EFBC}") = "Movies.API", "src\Services\Movies.API\Movies.API.csproj", "{E156282F-0B70-4A07-ADA6-4F1AFD2D6B90}"
EndProject
Global
	GlobalSection(SolutionConfigurationPlatforms) = preSolution
		Debug|Any CPU = Debug|Any CPU
		Release|Any CPU = Release|Any CPU
	EndGlobalSection
	GlobalSection(ProjectConfigurationPlatforms) = postSolution
		{E156282F-0B70-4A07-ADA6-4F1AFD2D6B90}.Debug|Any CPU.ActiveCfg = Debug|Any CPU
		{E156282F-0B70-4A07-ADA6-4F1AFD2D6B90}.Debug|Any CPU.Build.0 = Debug|Any CPU
		{E156282F-0B70-4A07-ADA6-4F1AFD2D6B90}.Release|Any CPU.ActiveCfg = Release|Any CPU
		{E156282F-0B70-4A07-ADA6-4F1AFD2D6B90}.Release|Any CPU.Build.0 = Release|Any CPU
	EndGlobalSection
	GlobalSection(SolutionProperties) = preSolution
		HideSolutionNode = FALSE
	EndGlobalSection
	GlobalSection(NestedProjects) = preSolution
		{728F68BB-0E1A-4419-A9A5-9E02BD62FF2F} = {5FEF91D4-3308-4B6D-AE5F-7EAC13229FE7}
		{E156282F-0B70-4A07-ADA6-4F1AFD2D6B90} = {728F68BB-0E1A-4419-A9A5-9E02BD62FF2F}
	EndGlobalSection
	GlobalSection(ExtensibilityGlobals) = postSolution
		SolutionGuid = {3ED1F969-982A-4D1D-A6BE-EE2F25AF37E7}
	EndGlobalSection
EndGlobal
